
Microsoft Visual Studio Solution File, Format Version 12.00
# Visual Studio Version 17
VisualStudioVersion = 17.4.33122.133
MinimumVisualStudioVersion = 10.0.40219.1
Project("{FAE04EC0-301F-11D3-BF4B-00C04F79EFBC}") = "ThresholdReachedEventApplication", "ThresholdReachedEventApplication.csproj", "{8E0C6E90-1489-4118-8688-9F24265B5A29}"
EndProject
Global
	GlobalSection(SolutionConfigurationPlatforms) = preSolution
		Debug|Any CPU = Debug|Any CPU
		Release|Any CPU = Release|Any CPU
	EndGlobalSection
	GlobalSection(ProjectConfigurationPlatforms) = postSolution
		{8E0C6E90-1489-4118-8688-9F24265B5A29}.Debug|Any CPU.ActiveCfg = Debug|Any CPU
		{8E0C6E90-1489-4118-8688-9F24265B5A29}.Debug|Any CPU.Build.0 = Debug|Any CPU
		{8E0C6E90-1489-4118-8688-9F24265B5A29}.Release|Any CPU.ActiveCfg = Release|Any CPU
		{8E0C6E90-1489-4118-8688-9F24265B5A29}.Release|Any CPU.Build.0 = Release|Any CPU
	EndGlobalSection
	GlobalSection(SolutionProperties) = preSolution
		HideSolutionNode = FALSE
	EndGlobalSection
	GlobalSection(ExtensibilityGlobals) = postSolution
		SolutionGuid = {F7670A03-0E3C-4DCE-A56B-59E459E1676D}
	EndGlobalSection
EndGlobal
